{
  "name": "node-font-face-generator",
  "version": "0.1.7",
  "dependencies": {
    "ejs": {
      "version": "1.0.0",
      "from": "ejs@1.0.0",
      "resolved": "https://registry.npmjs.org/ejs/-/ejs-1.0.0.tgz"
    },
    "node-uap": {
      "version": "0.0.3",
      "from": "node-uap@0.0.3",
      "resolved": "https://registry.npmjs.org/node-uap/-/node-uap-0.0.3.tgz",
      "dependencies": {
        "uap-core": {
          "version": "0.5.0",
          "from": "git://github.com/ua-parser/uap-core.git",
          "resolved": "git://github.com/ua-parser/uap-core.git#5dceb896913fc953d52881bf77e6ed64fd1b4054"
        },
        "uap-ref-impl": {
          "version": "0.2.0",
          "from": "uap-ref-impl@0.2.0",
          "resolved": "https://registry.npmjs.org/uap-ref-impl/-/uap-ref-impl-0.2.0.tgz"
        },
        "yamlparser": {
          "version": "0.0.2",
          "from": "yamlparser@0.0.2",
          "resolved": "https://registry.npmjs.org/yamlparser/-/yamlparser-0.0.2.tgz"
        }
      }
    }
  }
}
